
Microsoft Visual Studio Solution File, Format Version 12.00
# Visual Studio 15
VisualStudioVersion = 15.0.28307.168
MinimumVisualStudioVersion = 10.0.40219.1
Project("{FAE04EC0-301F-11D3-BF4B-00C04F79EFBC}") = "structAMount", "structAMount\structAMount.csproj", "{965AB535-B55B-4B30-9396-85C442AECC65}"
EndProject
Global
	GlobalSection(SolutionConfigurationPlatforms) = preSolution
		Debug|Any CPU = Debug|Any CPU
		Release|Any CPU = Release|Any CPU
	EndGlobalSection
	GlobalSection(ProjectConfigurationPlatforms) = postSolution
		{965AB535-B55B-4B30-9396-85C442AECC65}.Debug|Any CPU.ActiveCfg = Debug|Any CPU
		{965AB535-B55B-4B30-9396-85C442AECC65}.Debug|Any CPU.Build.0 = Debug|Any CPU
		{965AB535-B55B-4B30-9396-85C442AECC65}.Release|Any CPU.ActiveCfg = Release|Any CPU
		{965AB535-B55B-4B30-9396-85C442AECC65}.Release|Any CPU.Build.0 = Release|Any CPU
	EndGlobalSection
	GlobalSection(SolutionProperties) = preSolution
		HideSolutionNode = FALSE
	EndGlobalSection
	GlobalSection(ExtensibilityGlobals) = postSolution
		SolutionGuid = {FA2C018C-F2C3-4237-8667-CB2D199BFE07}
	EndGlobalSection
EndGlobal
