
Microsoft Visual Studio Solution File, Format Version 12.00
# Visual Studio 15
VisualStudioVersion = 15.0.28307.168
MinimumVisualStudioVersion = 10.0.40219.1
Project("{FAE04EC0-301F-11D3-BF4B-00C04F79EFBC}") = "overloadOpeartor", "overloadOpeartor\overloadOpeartor.csproj", "{A1C685DB-F0C2-43AD-A018-D0F78F284DBF}"
EndProject
Global
	GlobalSection(SolutionConfigurationPlatforms) = preSolution
		Debug|Any CPU = Debug|Any CPU
		Release|Any CPU = Release|Any CPU
	EndGlobalSection
	GlobalSection(ProjectConfigurationPlatforms) = postSolution
		{A1C685DB-F0C2-43AD-A018-D0F78F284DBF}.Debug|Any CPU.ActiveCfg = Debug|Any CPU
		{A1C685DB-F0C2-43AD-A018-D0F78F284DBF}.Debug|Any CPU.Build.0 = Debug|Any CPU
		{A1C685DB-F0C2-43AD-A018-D0F78F284DBF}.Release|Any CPU.ActiveCfg = Release|Any CPU
		{A1C685DB-F0C2-43AD-A018-D0F78F284DBF}.Release|Any CPU.Build.0 = Release|Any CPU
	EndGlobalSection
	GlobalSection(SolutionProperties) = preSolution
		HideSolutionNode = FALSE
	EndGlobalSection
	GlobalSection(ExtensibilityGlobals) = postSolution
		SolutionGuid = {90C2F33E-972C-4227-8E99-3A7875088D0A}
	EndGlobalSection
EndGlobal
